
Microsoft Visual Studio Solution File, Format Version 12.00
# Visual Studio Version 17
VisualStudioVersion = 17.8.34511.84
MinimumVisualStudioVersion = 10.0.40219.1
Project("{FAE04EC0-301F-11D3-BF4B-00C04F79EFBC}") = "WebAppProfesores", "WebAppProfesores\WebAppProfesores.csproj", "{D7F75CB3-41FA-4872-B8E6-C32CECD0C345}"
EndProject
Global
	GlobalSection(SolutionConfigurationPlatforms) = preSolution
		Debug|Any CPU = Debug|Any CPU
		Release|Any CPU = Release|Any CPU
	EndGlobalSection
	GlobalSection(ProjectConfigurationPlatforms) = postSolution
		{D7F75CB3-41FA-4872-B8E6-C32CECD0C345}.Debug|Any CPU.ActiveCfg = Debug|Any CPU
		{D7F75CB3-41FA-4872-B8E6-C32CECD0C345}.Debug|Any CPU.Build.0 = Debug|Any CPU
		{D7F75CB3-41FA-4872-B8E6-C32CECD0C345}.Release|Any CPU.ActiveCfg = Release|Any CPU
		{D7F75CB3-41FA-4872-B8E6-C32CECD0C345}.Release|Any CPU.Build.0 = Release|Any CPU
	EndGlobalSection
	GlobalSection(SolutionProperties) = preSolution
		HideSolutionNode = FALSE
	EndGlobalSection
	GlobalSection(ExtensibilityGlobals) = postSolution
		SolutionGuid = {14E44BAA-83F9-48FA-B25A-5772121306B8}
	EndGlobalSection
EndGlobal
